
Microsoft Visual Studio Solution File, Format Version 12.00
# Visual Studio 15
VisualStudioVersion = 15.0.28307.645
MinimumVisualStudioVersion = 10.0.40219.1
Project("{FAE04EC0-301F-11D3-BF4B-00C04F79EFBC}") = "Car", "1. Car\Car.csproj", "{8F202683-DF8A-4018-AAFF-41B364C3770C}"
EndProject
Project("{FAE04EC0-301F-11D3-BF4B-00C04F79EFBC}") = "5. Special Cars", "5. Special Cars\5. Special Cars.csproj", "{B457E63B-19DC-404C-952E-6CAD4A42AB61}"
EndProject
Global
	GlobalSection(SolutionConfigurationPlatforms) = preSolution
		Debug|Any CPU = Debug|Any CPU
		Release|Any CPU = Release|Any CPU
	EndGlobalSection
	GlobalSection(ProjectConfigurationPlatforms) = postSolution
		{8F202683-DF8A-4018-AAFF-41B364C3770C}.Debug|Any CPU.ActiveCfg = Debug|Any CPU
		{8F202683-DF8A-4018-AAFF-41B364C3770C}.Debug|Any CPU.Build.0 = Debug|Any CPU
		{8F202683-DF8A-4018-AAFF-41B364C3770C}.Release|Any CPU.ActiveCfg = Release|Any CPU
		{8F202683-DF8A-4018-AAFF-41B364C3770C}.Release|Any CPU.Build.0 = Release|Any CPU
		{B457E63B-19DC-404C-952E-6CAD4A42AB61}.Debug|Any CPU.ActiveCfg = Debug|Any CPU
		{B457E63B-19DC-404C-952E-6CAD4A42AB61}.Debug|Any CPU.Build.0 = Debug|Any CPU
		{B457E63B-19DC-404C-952E-6CAD4A42AB61}.Release|Any CPU.ActiveCfg = Release|Any CPU
		{B457E63B-19DC-404C-952E-6CAD4A42AB61}.Release|Any CPU.Build.0 = Release|Any CPU
	EndGlobalSection
	GlobalSection(SolutionProperties) = preSolution
		HideSolutionNode = FALSE
	EndGlobalSection
	GlobalSection(ExtensibilityGlobals) = postSolution
		SolutionGuid = {970FE653-8254-4F77-9321-B4327832AC29}
	EndGlobalSection
EndGlobal
