
Microsoft Visual Studio Solution File, Format Version 12.00
# Visual Studio 15
VisualStudioVersion = 15.0.28307.645
MinimumVisualStudioVersion = 10.0.40219.1
Project("{FAE04EC0-301F-11D3-BF4B-00C04F79EFBC}") = "01. Sort Even Numbers", "01. Sort Even Numbers\01. Sort Even Numbers.csproj", "{41FB60EB-C5C5-49D8-AA64-FE50A71D62C2}"
EndProject
Project("{FAE04EC0-301F-11D3-BF4B-00C04F79EFBC}") = "02. Sum Numbers", "02. Sum Numbers\02. Sum Numbers.csproj", "{E0E3241E-D337-46F8-8A84-DB091F16F985}"
EndProject
Project("{FAE04EC0-301F-11D3-BF4B-00C04F79EFBC}") = "03. Count Uppercase Words", "03. Count Uppercase Words\03. Count Uppercase Words.csproj", "{3763A852-A7BE-4A1E-ABDF-F4023941E116}"
EndProject
Project("{FAE04EC0-301F-11D3-BF4B-00C04F79EFBC}") = "04. Add VAT", "04. Add VAT\04. Add VAT.csproj", "{E7B22B43-AE85-415E-957B-0AE3B80822AB}"
EndProject
Project("{FAE04EC0-301F-11D3-BF4B-00C04F79EFBC}") = "05. Filter By Age", "05. Filter By Age\05. Filter By Age.csproj", "{99FAF876-33AB-40A2-B27A-D4DC29D59FA3}"
EndProject
Global
	GlobalSection(SolutionConfigurationPlatforms) = preSolution
		Debug|Any CPU = Debug|Any CPU
		Release|Any CPU = Release|Any CPU
	EndGlobalSection
	GlobalSection(ProjectConfigurationPlatforms) = postSolution
		{41FB60EB-C5C5-49D8-AA64-FE50A71D62C2}.Debug|Any CPU.ActiveCfg = Debug|Any CPU
		{41FB60EB-C5C5-49D8-AA64-FE50A71D62C2}.Debug|Any CPU.Build.0 = Debug|Any CPU
		{41FB60EB-C5C5-49D8-AA64-FE50A71D62C2}.Release|Any CPU.ActiveCfg = Release|Any CPU
		{41FB60EB-C5C5-49D8-AA64-FE50A71D62C2}.Release|Any CPU.Build.0 = Release|Any CPU
		{E0E3241E-D337-46F8-8A84-DB091F16F985}.Debug|Any CPU.ActiveCfg = Debug|Any CPU
		{E0E3241E-D337-46F8-8A84-DB091F16F985}.Debug|Any CPU.Build.0 = Debug|Any CPU
		{E0E3241E-D337-46F8-8A84-DB091F16F985}.Release|Any CPU.ActiveCfg = Release|Any CPU
		{E0E3241E-D337-46F8-8A84-DB091F16F985}.Release|Any CPU.Build.0 = Release|Any CPU
		{3763A852-A7BE-4A1E-ABDF-F4023941E116}.Debug|Any CPU.ActiveCfg = Debug|Any CPU
		{3763A852-A7BE-4A1E-ABDF-F4023941E116}.Debug|Any CPU.Build.0 = Debug|Any CPU
		{3763A852-A7BE-4A1E-ABDF-F4023941E116}.Release|Any CPU.ActiveCfg = Release|Any CPU
		{3763A852-A7BE-4A1E-ABDF-F4023941E116}.Release|Any CPU.Build.0 = Release|Any CPU
		{E7B22B43-AE85-415E-957B-0AE3B80822AB}.Debug|Any CPU.ActiveCfg = Debug|Any CPU
		{E7B22B43-AE85-415E-957B-0AE3B80822AB}.Debug|Any CPU.Build.0 = Debug|Any CPU
		{E7B22B43-AE85-415E-957B-0AE3B80822AB}.Release|Any CPU.ActiveCfg = Release|Any CPU
		{E7B22B43-AE85-415E-957B-0AE3B80822AB}.Release|Any CPU.Build.0 = Release|Any CPU
		{99FAF876-33AB-40A2-B27A-D4DC29D59FA3}.Debug|Any CPU.ActiveCfg = Debug|Any CPU
		{99FAF876-33AB-40A2-B27A-D4DC29D59FA3}.Debug|Any CPU.Build.0 = Debug|Any CPU
		{99FAF876-33AB-40A2-B27A-D4DC29D59FA3}.Release|Any CPU.ActiveCfg = Release|Any CPU
		{99FAF876-33AB-40A2-B27A-D4DC29D59FA3}.Release|Any CPU.Build.0 = Release|Any CPU
	EndGlobalSection
	GlobalSection(SolutionProperties) = preSolution
		HideSolutionNode = FALSE
	EndGlobalSection
	GlobalSection(ExtensibilityGlobals) = postSolution
		SolutionGuid = {BD313649-338C-4B57-9D2A-5CAEC1AB193F}
	EndGlobalSection
EndGlobal
