
Microsoft Visual Studio Solution File, Format Version 12.00
# Visual Studio Version 16
VisualStudioVersion = 16.0.29306.81
MinimumVisualStudioVersion = 10.0.40219.1
Project("{FAE04EC0-301F-11D3-BF4B-00C04F79EFBC}") = "BoxOfT", "BoxOfT\BoxOfT.csproj", "{AE638B31-6FD3-4760-A3C8-610D8565D195}"
EndProject
Project("{FAE04EC0-301F-11D3-BF4B-00C04F79EFBC}") = "GenericArrayCreator", "GenericArrayCreator\GenericArrayCreator.csproj", "{8C7C4657-F37F-470E-B45A-0B4998D3661D}"
EndProject
Project("{FAE04EC0-301F-11D3-BF4B-00C04F79EFBC}") = "GenericScale", "GenericScale\GenericScale.csproj", "{F8224D7A-2FEA-4A22-8657-6C1967CB4186}"
EndProject
Global
	GlobalSection(SolutionConfigurationPlatforms) = preSolution
		Debug|Any CPU = Debug|Any CPU
		Release|Any CPU = Release|Any CPU
	EndGlobalSection
	GlobalSection(ProjectConfigurationPlatforms) = postSolution
		{AE638B31-6FD3-4760-A3C8-610D8565D195}.Debug|Any CPU.ActiveCfg = Debug|Any CPU
		{AE638B31-6FD3-4760-A3C8-610D8565D195}.Debug|Any CPU.Build.0 = Debug|Any CPU
		{AE638B31-6FD3-4760-A3C8-610D8565D195}.Release|Any CPU.ActiveCfg = Release|Any CPU
		{AE638B31-6FD3-4760-A3C8-610D8565D195}.Release|Any CPU.Build.0 = Release|Any CPU
		{8C7C4657-F37F-470E-B45A-0B4998D3661D}.Debug|Any CPU.ActiveCfg = Debug|Any CPU
		{8C7C4657-F37F-470E-B45A-0B4998D3661D}.Debug|Any CPU.Build.0 = Debug|Any CPU
		{8C7C4657-F37F-470E-B45A-0B4998D3661D}.Release|Any CPU.ActiveCfg = Release|Any CPU
		{8C7C4657-F37F-470E-B45A-0B4998D3661D}.Release|Any CPU.Build.0 = Release|Any CPU
		{F8224D7A-2FEA-4A22-8657-6C1967CB4186}.Debug|Any CPU.ActiveCfg = Debug|Any CPU
		{F8224D7A-2FEA-4A22-8657-6C1967CB4186}.Debug|Any CPU.Build.0 = Debug|Any CPU
		{F8224D7A-2FEA-4A22-8657-6C1967CB4186}.Release|Any CPU.ActiveCfg = Release|Any CPU
		{F8224D7A-2FEA-4A22-8657-6C1967CB4186}.Release|Any CPU.Build.0 = Release|Any CPU
	EndGlobalSection
	GlobalSection(SolutionProperties) = preSolution
		HideSolutionNode = FALSE
	EndGlobalSection
	GlobalSection(ExtensibilityGlobals) = postSolution
		SolutionGuid = {FE7B0A86-8F3E-4B2B-BB2E-8527D4D7E3B5}
	EndGlobalSection
EndGlobal
