
Microsoft Visual Studio Solution File, Format Version 12.00
# Visual Studio Version 16
VisualStudioVersion = 16.0.29306.81
MinimumVisualStudioVersion = 10.0.40219.1
Project("{9A19103F-16F7-4668-BE54-9A1E7A4F7556}") = "01. Recursive Array Sum", "01. Recursive Array Sum\01. Recursive Array Sum.csproj", "{537E7359-318F-47CA-98E9-6455B999C35C}"
EndProject
Project("{9A19103F-16F7-4668-BE54-9A1E7A4F7556}") = "02. Recursive Factorial", "02. Recursive Factorial\02. Recursive Factorial.csproj", "{26C13F3A-85FB-4BCF-B7DC-E6585545578A}"
EndProject
Project("{FAE04EC0-301F-11D3-BF4B-00C04F79EFBC}") = "MergeSort", "MergeSort\MergeSort.csproj", "{79725D85-A4FE-4F83-B34A-424F787DC978}"
EndProject
Global
	GlobalSection(SolutionConfigurationPlatforms) = preSolution
		Debug|Any CPU = Debug|Any CPU
		Release|Any CPU = Release|Any CPU
	EndGlobalSection
	GlobalSection(ProjectConfigurationPlatforms) = postSolution
		{537E7359-318F-47CA-98E9-6455B999C35C}.Debug|Any CPU.ActiveCfg = Debug|Any CPU
		{537E7359-318F-47CA-98E9-6455B999C35C}.Debug|Any CPU.Build.0 = Debug|Any CPU
		{537E7359-318F-47CA-98E9-6455B999C35C}.Release|Any CPU.ActiveCfg = Release|Any CPU
		{537E7359-318F-47CA-98E9-6455B999C35C}.Release|Any CPU.Build.0 = Release|Any CPU
		{26C13F3A-85FB-4BCF-B7DC-E6585545578A}.Debug|Any CPU.ActiveCfg = Debug|Any CPU
		{26C13F3A-85FB-4BCF-B7DC-E6585545578A}.Debug|Any CPU.Build.0 = Debug|Any CPU
		{26C13F3A-85FB-4BCF-B7DC-E6585545578A}.Release|Any CPU.ActiveCfg = Release|Any CPU
		{26C13F3A-85FB-4BCF-B7DC-E6585545578A}.Release|Any CPU.Build.0 = Release|Any CPU
		{79725D85-A4FE-4F83-B34A-424F787DC978}.Debug|Any CPU.ActiveCfg = Debug|Any CPU
		{79725D85-A4FE-4F83-B34A-424F787DC978}.Debug|Any CPU.Build.0 = Debug|Any CPU
		{79725D85-A4FE-4F83-B34A-424F787DC978}.Release|Any CPU.ActiveCfg = Release|Any CPU
		{79725D85-A4FE-4F83-B34A-424F787DC978}.Release|Any CPU.Build.0 = Release|Any CPU
	EndGlobalSection
	GlobalSection(SolutionProperties) = preSolution
		HideSolutionNode = FALSE
	EndGlobalSection
	GlobalSection(ExtensibilityGlobals) = postSolution
		SolutionGuid = {43DC0D73-D840-48AB-8D5C-D077B54A5AE4}
	EndGlobalSection
EndGlobal
