
Microsoft Visual Studio Solution File, Format Version 12.00
# Visual Studio Version 16
VisualStudioVersion = 16.0.29424.173
MinimumVisualStudioVersion = 10.0.40219.1
Project("{FAE04EC0-301F-11D3-BF4B-00C04F79EFBC}") = "Operations", "Operations\Operations.csproj", "{DB2786D5-36CC-403C-A87B-5AB5B767B7DA}"
EndProject
Project("{FAE04EC0-301F-11D3-BF4B-00C04F79EFBC}") = "Animals", "Animals\Animals.csproj", "{5790D903-3B15-41B0-966D-DCC4451192D6}"
EndProject
Project("{FAE04EC0-301F-11D3-BF4B-00C04F79EFBC}") = "Shapes", "Shapes\Shapes.csproj", "{9CB0E37C-7A94-44A4-868C-CC14F3537477}"
EndProject
Global
	GlobalSection(SolutionConfigurationPlatforms) = preSolution
		Debug|Any CPU = Debug|Any CPU
		Release|Any CPU = Release|Any CPU
	EndGlobalSection
	GlobalSection(ProjectConfigurationPlatforms) = postSolution
		{DB2786D5-36CC-403C-A87B-5AB5B767B7DA}.Debug|Any CPU.ActiveCfg = Debug|Any CPU
		{DB2786D5-36CC-403C-A87B-5AB5B767B7DA}.Debug|Any CPU.Build.0 = Debug|Any CPU
		{DB2786D5-36CC-403C-A87B-5AB5B767B7DA}.Release|Any CPU.ActiveCfg = Release|Any CPU
		{DB2786D5-36CC-403C-A87B-5AB5B767B7DA}.Release|Any CPU.Build.0 = Release|Any CPU
		{5790D903-3B15-41B0-966D-DCC4451192D6}.Debug|Any CPU.ActiveCfg = Debug|Any CPU
		{5790D903-3B15-41B0-966D-DCC4451192D6}.Debug|Any CPU.Build.0 = Debug|Any CPU
		{5790D903-3B15-41B0-966D-DCC4451192D6}.Release|Any CPU.ActiveCfg = Release|Any CPU
		{5790D903-3B15-41B0-966D-DCC4451192D6}.Release|Any CPU.Build.0 = Release|Any CPU
		{9CB0E37C-7A94-44A4-868C-CC14F3537477}.Debug|Any CPU.ActiveCfg = Debug|Any CPU
		{9CB0E37C-7A94-44A4-868C-CC14F3537477}.Debug|Any CPU.Build.0 = Debug|Any CPU
		{9CB0E37C-7A94-44A4-868C-CC14F3537477}.Release|Any CPU.ActiveCfg = Release|Any CPU
		{9CB0E37C-7A94-44A4-868C-CC14F3537477}.Release|Any CPU.Build.0 = Release|Any CPU
	EndGlobalSection
	GlobalSection(SolutionProperties) = preSolution
		HideSolutionNode = FALSE
	EndGlobalSection
	GlobalSection(ExtensibilityGlobals) = postSolution
		SolutionGuid = {F5D59B49-B5CC-48A4-98A3-E34377CECF34}
	EndGlobalSection
EndGlobal
