
Microsoft Visual Studio Solution File, Format Version 12.00
# Visual Studio 15
VisualStudioVersion = 15.0.28307.645
MinimumVisualStudioVersion = 10.0.40219.1
Project("{FAE04EC0-301F-11D3-BF4B-00C04F79EFBC}") = "01. Action Print", "01. Action Print\01. Action Print.csproj", "{57D8E56A-579D-4431-8483-102B14FE6B64}"
EndProject
Project("{FAE04EC0-301F-11D3-BF4B-00C04F79EFBC}") = "02. Knights of Honor", "02. Knights of Honor\02. Knights of Honor.csproj", "{3BF92742-AE28-49FC-A1B6-1A2B3D1EEB50}"
EndProject
Project("{FAE04EC0-301F-11D3-BF4B-00C04F79EFBC}") = "03. Custom Min Function", "03. Custom Min Function\03. Custom Min Function.csproj", "{9EDEEC5B-7AC8-4DCE-9CF9-E1ACA3DABE5D}"
EndProject
Project("{FAE04EC0-301F-11D3-BF4B-00C04F79EFBC}") = "04. Find Evens or Odds", "04. Find Evens or Odds\04. Find Evens or Odds.csproj", "{9469CC7C-1D01-4066-9CFB-02D41FC52A83}"
EndProject
Project("{FAE04EC0-301F-11D3-BF4B-00C04F79EFBC}") = "05. Applied Arithmetics", "05. Applied Arithmetics\05. Applied Arithmetics.csproj", "{75842DBE-290E-4838-A4AE-821A3C3958C6}"
EndProject
Project("{FAE04EC0-301F-11D3-BF4B-00C04F79EFBC}") = "06. Reverse And Exclude", "06. Reverse And Exclude\06. Reverse And Exclude.csproj", "{0A6AEE03-EC7B-43CA-92AD-EBEA3209ACF0}"
EndProject
Project("{FAE04EC0-301F-11D3-BF4B-00C04F79EFBC}") = "07. Predicate For Names", "07. Predicate For Names\07. Predicate For Names.csproj", "{24147D5C-4354-4B57-91D7-5FA6C9262D6B}"
EndProject
Project("{FAE04EC0-301F-11D3-BF4B-00C04F79EFBC}") = "08. Custom Comparator", "08. Custom Comparator\08. Custom Comparator.csproj", "{3C7DC006-2805-45F6-9C38-C09528D50B13}"
EndProject
Project("{FAE04EC0-301F-11D3-BF4B-00C04F79EFBC}") = "09. List Of Predicates", "09. List Of Predicates\09. List Of Predicates.csproj", "{7D791CED-6984-424E-9F3B-0D321332151D}"
EndProject
Project("{FAE04EC0-301F-11D3-BF4B-00C04F79EFBC}") = "10. Predicate Party!", "10. Predicate Party!\10. Predicate Party!.csproj", "{F9AEBEA5-EBEE-4C06-8862-B8F59A69E38E}"
EndProject
Project("{FAE04EC0-301F-11D3-BF4B-00C04F79EFBC}") = "11. The Party Reservation Filter Module", "11. The Party Reservation Filter Module\11. The Party Reservation Filter Module.csproj", "{C2EA309D-9A7F-4D13-95F8-AFA66216735E}"
EndProject
Project("{FAE04EC0-301F-11D3-BF4B-00C04F79EFBC}") = "12. TriFunction", "12. TriFunction\12. TriFunction.csproj", "{038B236D-A4A6-45EE-B172-A293A846B2E2}"
EndProject
Global
	GlobalSection(SolutionConfigurationPlatforms) = preSolution
		Debug|Any CPU = Debug|Any CPU
		Release|Any CPU = Release|Any CPU
	EndGlobalSection
	GlobalSection(ProjectConfigurationPlatforms) = postSolution
		{57D8E56A-579D-4431-8483-102B14FE6B64}.Debug|Any CPU.ActiveCfg = Debug|Any CPU
		{57D8E56A-579D-4431-8483-102B14FE6B64}.Debug|Any CPU.Build.0 = Debug|Any CPU
		{57D8E56A-579D-4431-8483-102B14FE6B64}.Release|Any CPU.ActiveCfg = Release|Any CPU
		{57D8E56A-579D-4431-8483-102B14FE6B64}.Release|Any CPU.Build.0 = Release|Any CPU
		{3BF92742-AE28-49FC-A1B6-1A2B3D1EEB50}.Debug|Any CPU.ActiveCfg = Debug|Any CPU
		{3BF92742-AE28-49FC-A1B6-1A2B3D1EEB50}.Debug|Any CPU.Build.0 = Debug|Any CPU
		{3BF92742-AE28-49FC-A1B6-1A2B3D1EEB50}.Release|Any CPU.ActiveCfg = Release|Any CPU
		{3BF92742-AE28-49FC-A1B6-1A2B3D1EEB50}.Release|Any CPU.Build.0 = Release|Any CPU
		{9EDEEC5B-7AC8-4DCE-9CF9-E1ACA3DABE5D}.Debug|Any CPU.ActiveCfg = Debug|Any CPU
		{9EDEEC5B-7AC8-4DCE-9CF9-E1ACA3DABE5D}.Debug|Any CPU.Build.0 = Debug|Any CPU
		{9EDEEC5B-7AC8-4DCE-9CF9-E1ACA3DABE5D}.Release|Any CPU.ActiveCfg = Release|Any CPU
		{9EDEEC5B-7AC8-4DCE-9CF9-E1ACA3DABE5D}.Release|Any CPU.Build.0 = Release|Any CPU
		{9469CC7C-1D01-4066-9CFB-02D41FC52A83}.Debug|Any CPU.ActiveCfg = Debug|Any CPU
		{9469CC7C-1D01-4066-9CFB-02D41FC52A83}.Debug|Any CPU.Build.0 = Debug|Any CPU
		{9469CC7C-1D01-4066-9CFB-02D41FC52A83}.Release|Any CPU.ActiveCfg = Release|Any CPU
		{9469CC7C-1D01-4066-9CFB-02D41FC52A83}.Release|Any CPU.Build.0 = Release|Any CPU
		{75842DBE-290E-4838-A4AE-821A3C3958C6}.Debug|Any CPU.ActiveCfg = Debug|Any CPU
		{75842DBE-290E-4838-A4AE-821A3C3958C6}.Debug|Any CPU.Build.0 = Debug|Any CPU
		{75842DBE-290E-4838-A4AE-821A3C3958C6}.Release|Any CPU.ActiveCfg = Release|Any CPU
		{75842DBE-290E-4838-A4AE-821A3C3958C6}.Release|Any CPU.Build.0 = Release|Any CPU
		{0A6AEE03-EC7B-43CA-92AD-EBEA3209ACF0}.Debug|Any CPU.ActiveCfg = Debug|Any CPU
		{0A6AEE03-EC7B-43CA-92AD-EBEA3209ACF0}.Debug|Any CPU.Build.0 = Debug|Any CPU
		{0A6AEE03-EC7B-43CA-92AD-EBEA3209ACF0}.Release|Any CPU.ActiveCfg = Release|Any CPU
		{0A6AEE03-EC7B-43CA-92AD-EBEA3209ACF0}.Release|Any CPU.Build.0 = Release|Any CPU
		{24147D5C-4354-4B57-91D7-5FA6C9262D6B}.Debug|Any CPU.ActiveCfg = Debug|Any CPU
		{24147D5C-4354-4B57-91D7-5FA6C9262D6B}.Debug|Any CPU.Build.0 = Debug|Any CPU
		{24147D5C-4354-4B57-91D7-5FA6C9262D6B}.Release|Any CPU.ActiveCfg = Release|Any CPU
		{24147D5C-4354-4B57-91D7-5FA6C9262D6B}.Release|Any CPU.Build.0 = Release|Any CPU
		{3C7DC006-2805-45F6-9C38-C09528D50B13}.Debug|Any CPU.ActiveCfg = Debug|Any CPU
		{3C7DC006-2805-45F6-9C38-C09528D50B13}.Debug|Any CPU.Build.0 = Debug|Any CPU
		{3C7DC006-2805-45F6-9C38-C09528D50B13}.Release|Any CPU.ActiveCfg = Release|Any CPU
		{3C7DC006-2805-45F6-9C38-C09528D50B13}.Release|Any CPU.Build.0 = Release|Any CPU
		{7D791CED-6984-424E-9F3B-0D321332151D}.Debug|Any CPU.ActiveCfg = Debug|Any CPU
		{7D791CED-6984-424E-9F3B-0D321332151D}.Debug|Any CPU.Build.0 = Debug|Any CPU
		{7D791CED-6984-424E-9F3B-0D321332151D}.Release|Any CPU.ActiveCfg = Release|Any CPU
		{7D791CED-6984-424E-9F3B-0D321332151D}.Release|Any CPU.Build.0 = Release|Any CPU
		{F9AEBEA5-EBEE-4C06-8862-B8F59A69E38E}.Debug|Any CPU.ActiveCfg = Debug|Any CPU
		{F9AEBEA5-EBEE-4C06-8862-B8F59A69E38E}.Debug|Any CPU.Build.0 = Debug|Any CPU
		{F9AEBEA5-EBEE-4C06-8862-B8F59A69E38E}.Release|Any CPU.ActiveCfg = Release|Any CPU
		{F9AEBEA5-EBEE-4C06-8862-B8F59A69E38E}.Release|Any CPU.Build.0 = Release|Any CPU
		{C2EA309D-9A7F-4D13-95F8-AFA66216735E}.Debug|Any CPU.ActiveCfg = Debug|Any CPU
		{C2EA309D-9A7F-4D13-95F8-AFA66216735E}.Debug|Any CPU.Build.0 = Debug|Any CPU
		{C2EA309D-9A7F-4D13-95F8-AFA66216735E}.Release|Any CPU.ActiveCfg = Release|Any CPU
		{C2EA309D-9A7F-4D13-95F8-AFA66216735E}.Release|Any CPU.Build.0 = Release|Any CPU
		{038B236D-A4A6-45EE-B172-A293A846B2E2}.Debug|Any CPU.ActiveCfg = Debug|Any CPU
		{038B236D-A4A6-45EE-B172-A293A846B2E2}.Debug|Any CPU.Build.0 = Debug|Any CPU
		{038B236D-A4A6-45EE-B172-A293A846B2E2}.Release|Any CPU.ActiveCfg = Release|Any CPU
		{038B236D-A4A6-45EE-B172-A293A846B2E2}.Release|Any CPU.Build.0 = Release|Any CPU
	EndGlobalSection
	GlobalSection(SolutionProperties) = preSolution
		HideSolutionNode = FALSE
	EndGlobalSection
	GlobalSection(ExtensibilityGlobals) = postSolution
		SolutionGuid = {84998D99-2A60-4F97-B37C-036CF7988821}
	EndGlobalSection
EndGlobal
