
Microsoft Visual Studio Solution File, Format Version 12.00
# Visual Studio Version 16
VisualStudioVersion = 16.0.29411.108
MinimumVisualStudioVersion = 10.0.40219.1
Project("{FAE04EC0-301F-11D3-BF4B-00C04F79EFBC}") = "Farm", "Farm\Farm.csproj", "{272EC668-9104-41C1-B49F-B4A355414715}"
EndProject
Project("{FAE04EC0-301F-11D3-BF4B-00C04F79EFBC}") = "CustomRandomList", "CustomRandomList\CustomRandomList.csproj", "{78AAB967-C1E4-4962-AC3C-6AF7CF40318C}"
EndProject
Project("{FAE04EC0-301F-11D3-BF4B-00C04F79EFBC}") = "CustomStack", "CustomStack\CustomStack.csproj", "{07B2D743-7F1D-4907-9E06-E787154E4E1C}"
EndProject
Global
	GlobalSection(SolutionConfigurationPlatforms) = preSolution
		Debug|Any CPU = Debug|Any CPU
		Release|Any CPU = Release|Any CPU
	EndGlobalSection
	GlobalSection(ProjectConfigurationPlatforms) = postSolution
		{272EC668-9104-41C1-B49F-B4A355414715}.Debug|Any CPU.ActiveCfg = Debug|Any CPU
		{272EC668-9104-41C1-B49F-B4A355414715}.Debug|Any CPU.Build.0 = Debug|Any CPU
		{272EC668-9104-41C1-B49F-B4A355414715}.Release|Any CPU.ActiveCfg = Release|Any CPU
		{272EC668-9104-41C1-B49F-B4A355414715}.Release|Any CPU.Build.0 = Release|Any CPU
		{78AAB967-C1E4-4962-AC3C-6AF7CF40318C}.Debug|Any CPU.ActiveCfg = Debug|Any CPU
		{78AAB967-C1E4-4962-AC3C-6AF7CF40318C}.Debug|Any CPU.Build.0 = Debug|Any CPU
		{78AAB967-C1E4-4962-AC3C-6AF7CF40318C}.Release|Any CPU.ActiveCfg = Release|Any CPU
		{78AAB967-C1E4-4962-AC3C-6AF7CF40318C}.Release|Any CPU.Build.0 = Release|Any CPU
		{07B2D743-7F1D-4907-9E06-E787154E4E1C}.Debug|Any CPU.ActiveCfg = Debug|Any CPU
		{07B2D743-7F1D-4907-9E06-E787154E4E1C}.Debug|Any CPU.Build.0 = Debug|Any CPU
		{07B2D743-7F1D-4907-9E06-E787154E4E1C}.Release|Any CPU.ActiveCfg = Release|Any CPU
		{07B2D743-7F1D-4907-9E06-E787154E4E1C}.Release|Any CPU.Build.0 = Release|Any CPU
	EndGlobalSection
	GlobalSection(SolutionProperties) = preSolution
		HideSolutionNode = FALSE
	EndGlobalSection
	GlobalSection(ExtensibilityGlobals) = postSolution
		SolutionGuid = {999ED1FC-0343-4F8F-8647-FE83A5144C5F}
	EndGlobalSection
EndGlobal
