
Microsoft Visual Studio Solution File, Format Version 12.00
# Visual Studio Version 16
VisualStudioVersion = 16.0.29306.81
MinimumVisualStudioVersion = 10.0.40219.1
Project("{FAE04EC0-301F-11D3-BF4B-00C04F79EFBC}") = "GenericsExercise", "01. Generic Box of String\GenericsExercise.csproj", "{C5B20DED-DE5F-4C75-91C8-59E82E1345D8}"
EndProject
Global
	GlobalSection(SolutionConfigurationPlatforms) = preSolution
		Debug|Any CPU = Debug|Any CPU
		Release|Any CPU = Release|Any CPU
	EndGlobalSection
	GlobalSection(ProjectConfigurationPlatforms) = postSolution
		{C5B20DED-DE5F-4C75-91C8-59E82E1345D8}.Debug|Any CPU.ActiveCfg = Debug|Any CPU
		{C5B20DED-DE5F-4C75-91C8-59E82E1345D8}.Debug|Any CPU.Build.0 = Debug|Any CPU
		{C5B20DED-DE5F-4C75-91C8-59E82E1345D8}.Release|Any CPU.ActiveCfg = Release|Any CPU
		{C5B20DED-DE5F-4C75-91C8-59E82E1345D8}.Release|Any CPU.Build.0 = Release|Any CPU
	EndGlobalSection
	GlobalSection(SolutionProperties) = preSolution
		HideSolutionNode = FALSE
	EndGlobalSection
	GlobalSection(ExtensibilityGlobals) = postSolution
		SolutionGuid = {104B2A2B-A885-462B-A08B-B43237FFDC86}
	EndGlobalSection
EndGlobal
