
Microsoft Visual Studio Solution File, Format Version 12.00
# Visual Studio Version 16
VisualStudioVersion = 16.0.29306.81
MinimumVisualStudioVersion = 10.0.40219.1
Project("{FAE04EC0-301F-11D3-BF4B-00C04F79EFBC}") = "CustomLinkedList", "CustomLinkedList\CustomLinkedList.csproj", "{DE4D7680-DAFC-49D9-B9AF-33B872B007D8}"
EndProject
Global
	GlobalSection(SolutionConfigurationPlatforms) = preSolution
		Debug|Any CPU = Debug|Any CPU
		Release|Any CPU = Release|Any CPU
	EndGlobalSection
	GlobalSection(ProjectConfigurationPlatforms) = postSolution
		{DE4D7680-DAFC-49D9-B9AF-33B872B007D8}.Debug|Any CPU.ActiveCfg = Debug|Any CPU
		{DE4D7680-DAFC-49D9-B9AF-33B872B007D8}.Debug|Any CPU.Build.0 = Debug|Any CPU
		{DE4D7680-DAFC-49D9-B9AF-33B872B007D8}.Release|Any CPU.ActiveCfg = Release|Any CPU
		{DE4D7680-DAFC-49D9-B9AF-33B872B007D8}.Release|Any CPU.Build.0 = Release|Any CPU
	EndGlobalSection
	GlobalSection(SolutionProperties) = preSolution
		HideSolutionNode = FALSE
	EndGlobalSection
	GlobalSection(ExtensibilityGlobals) = postSolution
		SolutionGuid = {C5419F60-DDAF-4B70-A059-70C619ED0B06}
	EndGlobalSection
EndGlobal
