
Microsoft Visual Studio Solution File, Format Version 12.00
# Visual Studio Version 16
VisualStudioVersion = 16.0.29306.81
MinimumVisualStudioVersion = 10.0.40219.1
Project("{FAE04EC0-301F-11D3-BF4B-00C04F79EFBC}") = "ListyIterator", "ListyIterator\ListyIterator.csproj", "{1464BDA6-D8B9-40AD-B178-3E429B508A13}"
EndProject
Project("{FAE04EC0-301F-11D3-BF4B-00C04F79EFBC}") = "Stack", "Stack\Stack.csproj", "{A0BE0114-85A5-42FE-83F8-06E6476163FE}"
EndProject
Project("{FAE04EC0-301F-11D3-BF4B-00C04F79EFBC}") = "Froggy", "Froggy\Froggy.csproj", "{A3C2F078-72B4-4B1B-829C-0AA7FBD80759}"
EndProject
Project("{FAE04EC0-301F-11D3-BF4B-00C04F79EFBC}") = "ComparingObjects", "Comparing Objects\ComparingObjects.csproj", "{D22C6B9B-9684-4A56-B9F0-0AD1287A60B7}"
EndProject
Project("{FAE04EC0-301F-11D3-BF4B-00C04F79EFBC}") = "EqualityLogic", "EqualityLogic\EqualityLogic.csproj", "{07A7625B-337F-4F98-A46F-1D1892E06C42}"
EndProject
Global
	GlobalSection(SolutionConfigurationPlatforms) = preSolution
		Debug|Any CPU = Debug|Any CPU
		Release|Any CPU = Release|Any CPU
	EndGlobalSection
	GlobalSection(ProjectConfigurationPlatforms) = postSolution
		{1464BDA6-D8B9-40AD-B178-3E429B508A13}.Debug|Any CPU.ActiveCfg = Debug|Any CPU
		{1464BDA6-D8B9-40AD-B178-3E429B508A13}.Debug|Any CPU.Build.0 = Debug|Any CPU
		{1464BDA6-D8B9-40AD-B178-3E429B508A13}.Release|Any CPU.ActiveCfg = Release|Any CPU
		{1464BDA6-D8B9-40AD-B178-3E429B508A13}.Release|Any CPU.Build.0 = Release|Any CPU
		{A0BE0114-85A5-42FE-83F8-06E6476163FE}.Debug|Any CPU.ActiveCfg = Debug|Any CPU
		{A0BE0114-85A5-42FE-83F8-06E6476163FE}.Debug|Any CPU.Build.0 = Debug|Any CPU
		{A0BE0114-85A5-42FE-83F8-06E6476163FE}.Release|Any CPU.ActiveCfg = Release|Any CPU
		{A0BE0114-85A5-42FE-83F8-06E6476163FE}.Release|Any CPU.Build.0 = Release|Any CPU
		{A3C2F078-72B4-4B1B-829C-0AA7FBD80759}.Debug|Any CPU.ActiveCfg = Debug|Any CPU
		{A3C2F078-72B4-4B1B-829C-0AA7FBD80759}.Debug|Any CPU.Build.0 = Debug|Any CPU
		{A3C2F078-72B4-4B1B-829C-0AA7FBD80759}.Release|Any CPU.ActiveCfg = Release|Any CPU
		{A3C2F078-72B4-4B1B-829C-0AA7FBD80759}.Release|Any CPU.Build.0 = Release|Any CPU
		{D22C6B9B-9684-4A56-B9F0-0AD1287A60B7}.Debug|Any CPU.ActiveCfg = Debug|Any CPU
		{D22C6B9B-9684-4A56-B9F0-0AD1287A60B7}.Debug|Any CPU.Build.0 = Debug|Any CPU
		{D22C6B9B-9684-4A56-B9F0-0AD1287A60B7}.Release|Any CPU.ActiveCfg = Release|Any CPU
		{D22C6B9B-9684-4A56-B9F0-0AD1287A60B7}.Release|Any CPU.Build.0 = Release|Any CPU
		{07A7625B-337F-4F98-A46F-1D1892E06C42}.Debug|Any CPU.ActiveCfg = Debug|Any CPU
		{07A7625B-337F-4F98-A46F-1D1892E06C42}.Debug|Any CPU.Build.0 = Debug|Any CPU
		{07A7625B-337F-4F98-A46F-1D1892E06C42}.Release|Any CPU.ActiveCfg = Release|Any CPU
		{07A7625B-337F-4F98-A46F-1D1892E06C42}.Release|Any CPU.Build.0 = Release|Any CPU
	EndGlobalSection
	GlobalSection(SolutionProperties) = preSolution
		HideSolutionNode = FALSE
	EndGlobalSection
	GlobalSection(ExtensibilityGlobals) = postSolution
		SolutionGuid = {4625B42B-757D-4255-9F58-93731906CB87}
	EndGlobalSection
EndGlobal
